
Microsoft Visual Studio Solution File, Format Version 12.00
# Visual Studio Version 17
VisualStudioVersion = 17.4.33213.308
MinimumVisualStudioVersion = 10.0.40219.1
Project("{2150E333-8FDC-42A3-9474-1A3956D46DE8}") = "SRP", "SRP", "{80050276-8154-4923-B181-E480FD36577E}"
EndProject
Project("{2150E333-8FDC-42A3-9474-1A3956D46DE8}") = "OCP", "OCP", "{2DA0E43C-67E7-4C33-B6C4-6C21CCC4740D}"
EndProject
Project("{2150E333-8FDC-42A3-9474-1A3956D46DE8}") = "LSP", "LSP", "{E4636333-5FB4-4755-8A24-75B24BEEC90B}"
EndProject
Project("{2150E333-8FDC-42A3-9474-1A3956D46DE8}") = "DIP", "DIP", "{FA9FFBD0-B36C-47CB-8707-9E886A47D9CF}"
EndProject
Project("{2150E333-8FDC-42A3-9474-1A3956D46DE8}") = "ISP", "ISP", "{9552C506-9D8C-4FE0-B224-24227E172770}"
EndProject
Project("{9A19103F-16F7-4668-BE54-9A1E7A4F7556}") = "OCP", "OCP\OCP.csproj", "{3CC83467-6A39-4C28-A898-FACEAF4262D1}"
EndProject
Project("{9A19103F-16F7-4668-BE54-9A1E7A4F7556}") = "SRP", "SRP\SRP.csproj", "{9EEC2774-03F1-4442-AD12-19EB1AEAD05C}"
EndProject
Global
	GlobalSection(SolutionConfigurationPlatforms) = preSolution
		Debug|Any CPU = Debug|Any CPU
		Release|Any CPU = Release|Any CPU
	EndGlobalSection
	GlobalSection(ProjectConfigurationPlatforms) = postSolution
		{3CC83467-6A39-4C28-A898-FACEAF4262D1}.Debug|Any CPU.ActiveCfg = Debug|Any CPU
		{3CC83467-6A39-4C28-A898-FACEAF4262D1}.Debug|Any CPU.Build.0 = Debug|Any CPU
		{3CC83467-6A39-4C28-A898-FACEAF4262D1}.Release|Any CPU.ActiveCfg = Release|Any CPU
		{3CC83467-6A39-4C28-A898-FACEAF4262D1}.Release|Any CPU.Build.0 = Release|Any CPU
		{9EEC2774-03F1-4442-AD12-19EB1AEAD05C}.Debug|Any CPU.ActiveCfg = Debug|Any CPU
		{9EEC2774-03F1-4442-AD12-19EB1AEAD05C}.Debug|Any CPU.Build.0 = Debug|Any CPU
		{9EEC2774-03F1-4442-AD12-19EB1AEAD05C}.Release|Any CPU.ActiveCfg = Release|Any CPU
		{9EEC2774-03F1-4442-AD12-19EB1AEAD05C}.Release|Any CPU.Build.0 = Release|Any CPU
	EndGlobalSection
	GlobalSection(SolutionProperties) = preSolution
		HideSolutionNode = FALSE
	EndGlobalSection
	GlobalSection(NestedProjects) = preSolution
		{3CC83467-6A39-4C28-A898-FACEAF4262D1} = {2DA0E43C-67E7-4C33-B6C4-6C21CCC4740D}
		{9EEC2774-03F1-4442-AD12-19EB1AEAD05C} = {80050276-8154-4923-B181-E480FD36577E}
	EndGlobalSection
	GlobalSection(ExtensibilityGlobals) = postSolution
		SolutionGuid = {EBFAC0B0-36B7-4138-94C0-DF3D22FED39E}
	EndGlobalSection
EndGlobal
